
Microsoft Visual Studio Solution File, Format Version 12.00
# Visual Studio Version 17
VisualStudioVersion = 17.8.34309.116
MinimumVisualStudioVersion = 10.0.40219.1
Project("{FAE04EC0-301F-11D3-BF4B-00C04F79EFBC}") = "darts_program", "darts_program.csproj", "{3D15B927-5BF0-4745-9C68-7A772EA7818D}"
EndProject
Global
	GlobalSection(SolutionConfigurationPlatforms) = preSolution
		Debug|Any CPU = Debug|Any CPU
		Release|Any CPU = Release|Any CPU
	EndGlobalSection
	GlobalSection(ProjectConfigurationPlatforms) = postSolution
		{3D15B927-5BF0-4745-9C68-7A772EA7818D}.Debug|Any CPU.ActiveCfg = Debug|Any CPU
		{3D15B927-5BF0-4745-9C68-7A772EA7818D}.Debug|Any CPU.Build.0 = Debug|Any CPU
		{3D15B927-5BF0-4745-9C68-7A772EA7818D}.Release|Any CPU.ActiveCfg = Release|Any CPU
		{3D15B927-5BF0-4745-9C68-7A772EA7818D}.Release|Any CPU.Build.0 = Release|Any CPU
	EndGlobalSection
	GlobalSection(SolutionProperties) = preSolution
		HideSolutionNode = FALSE
	EndGlobalSection
	GlobalSection(ExtensibilityGlobals) = postSolution
		SolutionGuid = {E16F2792-C81A-4DEB-890E-2988E1D93E0C}
	EndGlobalSection
EndGlobal
